
Microsoft Visual Studio Solution File, Format Version 12.00
# Visual Studio Version 17
VisualStudioVersion = 17.6.33815.320
MinimumVisualStudioVersion = 10.0.40219.1
Project("{FAE04EC0-301F-11D3-BF4B-00C04F79EFBC}") = "Balkezesek", "Balkezesek\Balkezesek.csproj", "{57571281-3D11-4460-A4B9-0EA7E6786496}"
EndProject
Global
	GlobalSection(SolutionConfigurationPlatforms) = preSolution
		Debug|Any CPU = Debug|Any CPU
		Release|Any CPU = Release|Any CPU
	EndGlobalSection
	GlobalSection(ProjectConfigurationPlatforms) = postSolution
		{57571281-3D11-4460-A4B9-0EA7E6786496}.Debug|Any CPU.ActiveCfg = Debug|Any CPU
		{57571281-3D11-4460-A4B9-0EA7E6786496}.Debug|Any CPU.Build.0 = Debug|Any CPU
		{57571281-3D11-4460-A4B9-0EA7E6786496}.Release|Any CPU.ActiveCfg = Release|Any CPU
		{57571281-3D11-4460-A4B9-0EA7E6786496}.Release|Any CPU.Build.0 = Release|Any CPU
	EndGlobalSection
	GlobalSection(SolutionProperties) = preSolution
		HideSolutionNode = FALSE
	EndGlobalSection
	GlobalSection(ExtensibilityGlobals) = postSolution
		SolutionGuid = {6676A499-ACA0-4897-9518-3DA7C9E539D0}
	EndGlobalSection
EndGlobal
